{
  "name": "totp-authenticator",
  "version": "0.0.1",
  "lockfileVersion": 1,
  "requires": true,
  "dependencies": {
    "base-64": {
      "version": "0.1.0",
      "resolved": "https://registry.npmjs.org/base-64/-/base-64-0.1.0.tgz",
      "integrity": "sha1-eAqZyE59YAJgNhURxId2E78k9rs="
    },
    "commander": {
      "version": "2.15.1",
      "resolved": "https://registry.npmjs.org/commander/-/commander-2.15.1.tgz",
      "integrity": "sha512-VlfT9F3V0v+jr4yxPc5gg9s62/fIVWsd2Bk2iD435um1NlGMYdVCq+MjcXnhYq2icNOizHr1kK+5TI6H0Hy0ag=="
    },
    "dotenv": {
      "version": "5.0.1",
      "resolved": "https://registry.npmjs.org/dotenv/-/dotenv-5.0.1.tgz",
      "integrity": "sha512-4As8uPrjfwb7VXC+WnLCbXK7y+Ueb2B3zgNCePYfhxS1PYeaO1YTeplffTEcbfLhvFNGLAz90VvJs9yomG7bow=="
    },
    "otpauth": {
      "version": "3.2.0",
      "resolved": "https://registry.npmjs.org/otpauth/-/otpauth-3.2.0.tgz",
      "integrity": "sha512-i6rmADYrBiIcP0+atU9p1XseVCWBBvkXIFYt907Xjdl7pAQG/8YSLHjcjf2rJ0V/v+Rdcu7gP7xrFB+HqR9MGQ=="
    },
    "secret-parser": {
      "version": "file:local_modules/secret-parser"
    }
  }
}
